
Microsoft Visual Studio Solution File, Format Version 12.00
# Visual Studio Version 17
VisualStudioVersion = 17.0.32112.339
MinimumVisualStudioVersion = 10.0.40219.1
Project("{FAE04EC0-301F-11D3-BF4B-00C04F79EFBC}") = "git", "git\git.csproj", "{FBCEC015-230B-4D51-BB41-CA96178E2AFC}"
EndProject
Global
	GlobalSection(SolutionConfigurationPlatforms) = preSolution
		Debug|Any CPU = Debug|Any CPU
		Release|Any CPU = Release|Any CPU
	EndGlobalSection
	GlobalSection(ProjectConfigurationPlatforms) = postSolution
		{FBCEC015-230B-4D51-BB41-CA96178E2AFC}.Debug|Any CPU.ActiveCfg = Debug|Any CPU
		{FBCEC015-230B-4D51-BB41-CA96178E2AFC}.Debug|Any CPU.Build.0 = Debug|Any CPU
		{FBCEC015-230B-4D51-BB41-CA96178E2AFC}.Release|Any CPU.ActiveCfg = Release|Any CPU
		{FBCEC015-230B-4D51-BB41-CA96178E2AFC}.Release|Any CPU.Build.0 = Release|Any CPU
	EndGlobalSection
	GlobalSection(SolutionProperties) = preSolution
		HideSolutionNode = FALSE
	EndGlobalSection
	GlobalSection(ExtensibilityGlobals) = postSolution
		SolutionGuid = {2DE34292-DC4C-477B-9886-C59F9443A9F2}
	EndGlobalSection
EndGlobal
